PODS:
  - Flutter (1.0.0)
  - integration_test (0.0.1):
    - Flutter
  - ios_storekit2 (0.0.1):
    - Flutter

DEPENDENCIES:
  - Flutter (from `Flutter`)
  - integration_test (from `.symlinks/plugins/integration_test/ios`)
  - ios_storekit2 (from `.symlinks/plugins/ios_storekit2/ios`)

EXTERNAL SOURCES:
  Flutter:
    :path: Flutter
  integration_test:
    :path: ".symlinks/plugins/integration_test/ios"
  ios_storekit2:
    :path: ".symlinks/plugins/ios_storekit2/ios"

SPEC CHECKSUMS:
  Flutter: cabc95a1d2626b1b06e7179b784ebcf0c0cde467
  integration_test: 252f60fa39af5e17c3aa9899d35d908a0721b573
  ios_storekit2: e2820ce56efc86175a1f43c7371a1b6f53381b26

PODFILE CHECKSUM: ce2a4dd764e1c7aeed6a7cdc5e61d092b6dc6d32

COCOAPODS: 1.16.2
